
Microsoft Visual Studio Solution File, Format Version 12.00
# Visual Studio Version 16
VisualStudioVersion = 16.0.31613.86
MinimumVisualStudioVersion = 10.0.40219.1
Project("{9A19103F-16F7-4668-BE54-9A1E7A4F7556}") = "Entidades", "Entidades\Entidades.csproj", "{D91C8530-F6C9-42D2-B123-787C0181E541}"
EndProject
Project("{FAE04EC0-301F-11D3-BF4B-00C04F79EFBC}") = "MiCalculadora", "MiCalculadora\MiCalculadora.csproj", "{33ED2278-9D55-416B-ACE2-0FE3AA7004D0}"
EndProject
Global
	GlobalSection(SolutionConfigurationPlatforms) = preSolution
		Debug|Any CPU = Debug|Any CPU
		Release|Any CPU = Release|Any CPU
	EndGlobalSection
	GlobalSection(ProjectConfigurationPlatforms) = postSolution
		{D91C8530-F6C9-42D2-B123-787C0181E541}.Debug|Any CPU.ActiveCfg = Debug|Any CPU
		{D91C8530-F6C9-42D2-B123-787C0181E541}.Debug|Any CPU.Build.0 = Debug|Any CPU
		{D91C8530-F6C9-42D2-B123-787C0181E541}.Release|Any CPU.ActiveCfg = Release|Any CPU
		{D91C8530-F6C9-42D2-B123-787C0181E541}.Release|Any CPU.Build.0 = Release|Any CPU
		{33ED2278-9D55-416B-ACE2-0FE3AA7004D0}.Debug|Any CPU.ActiveCfg = Debug|Any CPU
		{33ED2278-9D55-416B-ACE2-0FE3AA7004D0}.Debug|Any CPU.Build.0 = Debug|Any CPU
		{33ED2278-9D55-416B-ACE2-0FE3AA7004D0}.Release|Any CPU.ActiveCfg = Release|Any CPU
		{33ED2278-9D55-416B-ACE2-0FE3AA7004D0}.Release|Any CPU.Build.0 = Release|Any CPU
	EndGlobalSection
	GlobalSection(SolutionProperties) = preSolution
		HideSolutionNode = FALSE
	EndGlobalSection
	GlobalSection(ExtensibilityGlobals) = postSolution
		SolutionGuid = {B2573FB0-CDD3-48E9-BD2C-0E94B18DA2C7}
	EndGlobalSection
EndGlobal
